
Microsoft Visual Studio Solution File, Format Version 12.00
# Visual Studio 15
VisualStudioVersion = 15.0.28307.1433
MinimumVisualStudioVersion = 10.0.40219.1
Project("{FAE04EC0-301F-11D3-BF4B-00C04F79EFBC}") = "MvcProjectKampi", "McvPrpjectKampi\MvcProjectKampi.csproj", "{BD129F88-408F-41E1-A9D2-6F5B387FA8FD}"
EndProject
Project("{FAE04EC0-301F-11D3-BF4B-00C04F79EFBC}") = "DataAccess", "DataAccess\DataAccess.csproj", "{FD5FE650-995D-473A-9C88-35F2AA91839B}"
EndProject
Project("{FAE04EC0-301F-11D3-BF4B-00C04F79EFBC}") = "Entities", "Entities\Entities.csproj", "{8C2179F7-F025-4522-BFBD-374C649EFC95}"
EndProject
Project("{FAE04EC0-301F-11D3-BF4B-00C04F79EFBC}") = "Business", "Business\Business.csproj", "{375E3312-4CFB-4B74-B380-83E9C7185265}"
EndProject
Global
	GlobalSection(SolutionConfigurationPlatforms) = preSolution
		Debug|Any CPU = Debug|Any CPU
		Release|Any CPU = Release|Any CPU
	EndGlobalSection
	GlobalSection(ProjectConfigurationPlatforms) = postSolution
		{BD129F88-408F-41E1-A9D2-6F5B387FA8FD}.Debug|Any CPU.ActiveCfg = Debug|Any CPU
		{BD129F88-408F-41E1-A9D2-6F5B387FA8FD}.Debug|Any CPU.Build.0 = Debug|Any CPU
		{BD129F88-408F-41E1-A9D2-6F5B387FA8FD}.Release|Any CPU.ActiveCfg = Release|Any CPU
		{BD129F88-408F-41E1-A9D2-6F5B387FA8FD}.Release|Any CPU.Build.0 = Release|Any CPU
		{FD5FE650-995D-473A-9C88-35F2AA91839B}.Debug|Any CPU.ActiveCfg = Debug|Any CPU
		{FD5FE650-995D-473A-9C88-35F2AA91839B}.Debug|Any CPU.Build.0 = Debug|Any CPU
		{FD5FE650-995D-473A-9C88-35F2AA91839B}.Release|Any CPU.ActiveCfg = Release|Any CPU
		{FD5FE650-995D-473A-9C88-35F2AA91839B}.Release|Any CPU.Build.0 = Release|Any CPU
		{8C2179F7-F025-4522-BFBD-374C649EFC95}.Debug|Any CPU.ActiveCfg = Debug|Any CPU
		{8C2179F7-F025-4522-BFBD-374C649EFC95}.Debug|Any CPU.Build.0 = Debug|Any CPU
		{8C2179F7-F025-4522-BFBD-374C649EFC95}.Release|Any CPU.ActiveCfg = Release|Any CPU
		{8C2179F7-F025-4522-BFBD-374C649EFC95}.Release|Any CPU.Build.0 = Release|Any CPU
		{375E3312-4CFB-4B74-B380-83E9C7185265}.Debug|Any CPU.ActiveCfg = Debug|Any CPU
		{375E3312-4CFB-4B74-B380-83E9C7185265}.Debug|Any CPU.Build.0 = Debug|Any CPU
		{375E3312-4CFB-4B74-B380-83E9C7185265}.Release|Any CPU.ActiveCfg = Release|Any CPU
		{375E3312-4CFB-4B74-B380-83E9C7185265}.Release|Any CPU.Build.0 = Release|Any CPU
	EndGlobalSection
	GlobalSection(SolutionProperties) = preSolution
		HideSolutionNode = FALSE
	EndGlobalSection
	GlobalSection(ExtensibilityGlobals) = postSolution
		SolutionGuid = {73828C70-57B6-4C21-8DB8-65071FFA4A55}
	EndGlobalSection
EndGlobal
